
Microsoft Visual Studio Solution File, Format Version 12.00
# Visual Studio Version 17
VisualStudioVersion = 17.3.32901.215
MinimumVisualStudioVersion = 10.0.40219.1
Project("{9A19103F-16F7-4668-BE54-9A1E7A4F7556}") = "Practice1_var11", "Practice1_var11\Practice1_var11.csproj", "{BA71694B-3C80-498A-88CD-070D576981F2}"
EndProject
Project("{9A19103F-16F7-4668-BE54-9A1E7A4F7556}") = "Lib_11", "Lib_11\Lib_11.csproj", "{E50B4382-F523-4C72-98F8-F3063C54943B}"
EndProject
Project("{9A19103F-16F7-4668-BE54-9A1E7A4F7556}") = "RustyUltimateLib", "RustyUltimateLib\RustyUltimateLib.csproj", "{E16FEE76-7659-45A6-9583-19BB717B35B8}"
EndProject
Project("{9A19103F-16F7-4668-BE54-9A1E7A4F7556}") = "Practice2_var11", "Practice2_var11\Practice2_var11.csproj", "{5B3CA6F5-97AA-46EB-B259-13302A993BC5}"
EndProject
Project("{9A19103F-16F7-4668-BE54-9A1E7A4F7556}") = "Practice3_var11", "Practice3_var11\Practice3_var11.csproj", "{3A60EA68-8E7C-49FA-A9ED-B10364670222}"
EndProject
Project("{9A19103F-16F7-4668-BE54-9A1E7A4F7556}") = "Practice5_var11", "Practice5_var11\Practice5_var11.csproj", "{425E7587-45EF-4C41-9416-499D1488B202}"
EndProject
Project("{9A19103F-16F7-4668-BE54-9A1E7A4F7556}") = "Practice10_var11", "Practice10_var11\Practice10_var11.csproj", "{C62E962A-BAAE-46DE-88C2-13CD8566D23C}"
EndProject
Project("{9A19103F-16F7-4668-BE54-9A1E7A4F7556}") = "Practice11_var11", "Practice11_var11\Practice11_var11.csproj", "{EA2BFB2F-6F48-4604-9ABD-B65F2A289E84}"
EndProject
Project("{9A19103F-16F7-4668-BE54-9A1E7A4F7556}") = "Practice9_var11", "Practice9_var11\Practice9_var11.csproj", "{6AF259EE-A634-4C07-A5F0-E8A92C60EB0C}"
EndProject
Project("{FAE04EC0-301F-11D3-BF4B-00C04F79EFBC}") = "Practice12_var11", "Practice12_var11\Practice12_var11.csproj", "{7874B3C1-7A61-440F-AD66-A1B3A14B92AF}"
EndProject
Global
	GlobalSection(SolutionConfigurationPlatforms) = preSolution
		Debug|Any CPU = Debug|Any CPU
		Release|Any CPU = Release|Any CPU
	EndGlobalSection
	GlobalSection(ProjectConfigurationPlatforms) = postSolution
		{BA71694B-3C80-498A-88CD-070D576981F2}.Debug|Any CPU.ActiveCfg = Debug|Any CPU
		{BA71694B-3C80-498A-88CD-070D576981F2}.Debug|Any CPU.Build.0 = Debug|Any CPU
		{BA71694B-3C80-498A-88CD-070D576981F2}.Release|Any CPU.ActiveCfg = Release|Any CPU
		{BA71694B-3C80-498A-88CD-070D576981F2}.Release|Any CPU.Build.0 = Release|Any CPU
		{E50B4382-F523-4C72-98F8-F3063C54943B}.Debug|Any CPU.ActiveCfg = Debug|Any CPU
		{E50B4382-F523-4C72-98F8-F3063C54943B}.Debug|Any CPU.Build.0 = Debug|Any CPU
		{E50B4382-F523-4C72-98F8-F3063C54943B}.Release|Any CPU.ActiveCfg = Release|Any CPU
		{E50B4382-F523-4C72-98F8-F3063C54943B}.Release|Any CPU.Build.0 = Release|Any CPU
		{E16FEE76-7659-45A6-9583-19BB717B35B8}.Debug|Any CPU.ActiveCfg = Debug|Any CPU
		{E16FEE76-7659-45A6-9583-19BB717B35B8}.Debug|Any CPU.Build.0 = Debug|Any CPU
		{E16FEE76-7659-45A6-9583-19BB717B35B8}.Release|Any CPU.ActiveCfg = Release|Any CPU
		{E16FEE76-7659-45A6-9583-19BB717B35B8}.Release|Any CPU.Build.0 = Release|Any CPU
		{5B3CA6F5-97AA-46EB-B259-13302A993BC5}.Debug|Any CPU.ActiveCfg = Debug|Any CPU
		{5B3CA6F5-97AA-46EB-B259-13302A993BC5}.Debug|Any CPU.Build.0 = Debug|Any CPU
		{5B3CA6F5-97AA-46EB-B259-13302A993BC5}.Release|Any CPU.ActiveCfg = Release|Any CPU
		{5B3CA6F5-97AA-46EB-B259-13302A993BC5}.Release|Any CPU.Build.0 = Release|Any CPU
		{3A60EA68-8E7C-49FA-A9ED-B10364670222}.Debug|Any CPU.ActiveCfg = Debug|Any CPU
		{3A60EA68-8E7C-49FA-A9ED-B10364670222}.Debug|Any CPU.Build.0 = Debug|Any CPU
		{3A60EA68-8E7C-49FA-A9ED-B10364670222}.Release|Any CPU.ActiveCfg = Release|Any CPU
		{3A60EA68-8E7C-49FA-A9ED-B10364670222}.Release|Any CPU.Build.0 = Release|Any CPU
		{425E7587-45EF-4C41-9416-499D1488B202}.Debug|Any CPU.ActiveCfg = Debug|Any CPU
		{425E7587-45EF-4C41-9416-499D1488B202}.Debug|Any CPU.Build.0 = Debug|Any CPU
		{425E7587-45EF-4C41-9416-499D1488B202}.Release|Any CPU.ActiveCfg = Release|Any CPU
		{425E7587-45EF-4C41-9416-499D1488B202}.Release|Any CPU.Build.0 = Release|Any CPU
		{C62E962A-BAAE-46DE-88C2-13CD8566D23C}.Debug|Any CPU.ActiveCfg = Debug|Any CPU
		{C62E962A-BAAE-46DE-88C2-13CD8566D23C}.Debug|Any CPU.Build.0 = Debug|Any CPU
		{C62E962A-BAAE-46DE-88C2-13CD8566D23C}.Release|Any CPU.ActiveCfg = Release|Any CPU
		{C62E962A-BAAE-46DE-88C2-13CD8566D23C}.Release|Any CPU.Build.0 = Release|Any CPU
		{EA2BFB2F-6F48-4604-9ABD-B65F2A289E84}.Debug|Any CPU.ActiveCfg = Debug|Any CPU
		{EA2BFB2F-6F48-4604-9ABD-B65F2A289E84}.Debug|Any CPU.Build.0 = Debug|Any CPU
		{EA2BFB2F-6F48-4604-9ABD-B65F2A289E84}.Release|Any CPU.ActiveCfg = Release|Any CPU
		{EA2BFB2F-6F48-4604-9ABD-B65F2A289E84}.Release|Any CPU.Build.0 = Release|Any CPU
		{6AF259EE-A634-4C07-A5F0-E8A92C60EB0C}.Debug|Any CPU.ActiveCfg = Debug|Any CPU
		{6AF259EE-A634-4C07-A5F0-E8A92C60EB0C}.Debug|Any CPU.Build.0 = Debug|Any CPU
		{6AF259EE-A634-4C07-A5F0-E8A92C60EB0C}.Release|Any CPU.ActiveCfg = Release|Any CPU
		{6AF259EE-A634-4C07-A5F0-E8A92C60EB0C}.Release|Any CPU.Build.0 = Release|Any CPU
		{7874B3C1-7A61-440F-AD66-A1B3A14B92AF}.Debug|Any CPU.ActiveCfg = Debug|Any CPU
		{7874B3C1-7A61-440F-AD66-A1B3A14B92AF}.Debug|Any CPU.Build.0 = Debug|Any CPU
		{7874B3C1-7A61-440F-AD66-A1B3A14B92AF}.Release|Any CPU.ActiveCfg = Release|Any CPU
		{7874B3C1-7A61-440F-AD66-A1B3A14B92AF}.Release|Any CPU.Build.0 = Release|Any CPU
	EndGlobalSection
	GlobalSection(SolutionProperties) = preSolution
		HideSolutionNode = FALSE
	EndGlobalSection
	GlobalSection(ExtensibilityGlobals) = postSolution
		SolutionGuid = {0089A772-0F1D-4FE1-B7D2-5EE7472327F5}
	EndGlobalSection
EndGlobal
